
Microsoft Visual Studio Solution File, Format Version 12.00
# Visual Studio Version 17
VisualStudioVersion = 17.10.35013.160
MinimumVisualStudioVersion = 10.0.40219.1
Project("{FAE04EC0-301F-11D3-BF4B-00C04F79EFBC}") = "MVCEtWebAPI", "MVCEtWebAPI\MVCEtWebAPI.csproj", "{D046FC40-B091-4596-A301-BDD8675B3463}"
EndProject
Project("{FAE04EC0-301F-11D3-BF4B-00C04F79EFBC}") = "Models", "Models\Models.csproj", "{354CB671-FDF0-48B4-AB9D-35DEFDB1D886}"
EndProject
Project("{FAE04EC0-301F-11D3-BF4B-00C04F79EFBC}") = "WebAPI", "WebAPI\WebAPI.csproj", "{96717602-7C0D-4A19-A92F-523C6B5B537F}"
EndProject
Global
	GlobalSection(SolutionConfigurationPlatforms) = preSolution
		Debug|Any CPU = Debug|Any CPU
		Release|Any CPU = Release|Any CPU
	EndGlobalSection
	GlobalSection(ProjectConfigurationPlatforms) = postSolution
		{D046FC40-B091-4596-A301-BDD8675B3463}.Debug|Any CPU.ActiveCfg = Debug|Any CPU
		{D046FC40-B091-4596-A301-BDD8675B3463}.Debug|Any CPU.Build.0 = Debug|Any CPU
		{D046FC40-B091-4596-A301-BDD8675B3463}.Release|Any CPU.ActiveCfg = Release|Any CPU
		{D046FC40-B091-4596-A301-BDD8675B3463}.Release|Any CPU.Build.0 = Release|Any CPU
		{354CB671-FDF0-48B4-AB9D-35DEFDB1D886}.Debug|Any CPU.ActiveCfg = Debug|Any CPU
		{354CB671-FDF0-48B4-AB9D-35DEFDB1D886}.Debug|Any CPU.Build.0 = Debug|Any CPU
		{354CB671-FDF0-48B4-AB9D-35DEFDB1D886}.Release|Any CPU.ActiveCfg = Release|Any CPU
		{354CB671-FDF0-48B4-AB9D-35DEFDB1D886}.Release|Any CPU.Build.0 = Release|Any CPU
		{96717602-7C0D-4A19-A92F-523C6B5B537F}.Debug|Any CPU.ActiveCfg = Debug|Any CPU
		{96717602-7C0D-4A19-A92F-523C6B5B537F}.Debug|Any CPU.Build.0 = Debug|Any CPU
		{96717602-7C0D-4A19-A92F-523C6B5B537F}.Release|Any CPU.ActiveCfg = Release|Any CPU
		{96717602-7C0D-4A19-A92F-523C6B5B537F}.Release|Any CPU.Build.0 = Release|Any CPU
	EndGlobalSection
	GlobalSection(SolutionProperties) = preSolution
		HideSolutionNode = FALSE
	EndGlobalSection
	GlobalSection(ExtensibilityGlobals) = postSolution
		SolutionGuid = {AC41CCC4-C81E-402B-961A-822C3821A985}
	EndGlobalSection
EndGlobal
